// !$*UTF8*$!
{
	archiveVersion = 1;
	classes = {
	};
	objectVersion = 46;
	objects = {

/* Begin PBXBuildFile section */
		B12DAD2A1F04BF950028DBBD /* preview1.jpg in Resources */ = {isa = PBXBuildFile; fileRef = B12DAD271F04BF950028DBBD /* preview1.jpg */; };
		B12DAD2C1F04BF950028DBBD /* preview3.jpg in Resources */ = {isa = PBXBuildFile; fileRef = B12DAD291F04BF950028DBBD /* preview3.jpg */; };
		B12FF56B1F01BB5C00FDD6D2 /* SwiftyJSON.swift in Sources */ = {isa = PBXBuildFile; fileRef = B12FF56A1F01BB5B00FDD6D2 /* SwiftyJSON.swift */; };
		B12FF56D1F01C97100FDD6D2 /* League.swift in Sources */ = {isa = PBXBuildFile; fileRef = B12FF56C1F01C97100FDD6D2 /* League.swift */; };
		B12FF56F1F01F6BA00FDD6D2 /* Game.swift in Sources */ = {isa = PBXBuildFile; fileRef = B12FF56E1F01F6B900FDD6D2 /* Game.swift */; };
		B12FF5711F01FFC200FDD6D2 /* GamesViewController.swift in Sources */ = {isa = PBXBuildFile; fileRef = B12FF5701F01FFC200FDD6D2 /* GamesViewController.swift */; };
		B12FF5731F02047A00FDD6D2 /* GamesTableViewCellController.swift in Sources */ = {isa = PBXBuildFile; fileRef = B12FF5721F02047A00FDD6D2 /* GamesTableViewCellController.swift */; };
		B139B9EB1F0427CC00E67E2D /* baseball-background.jpg in Resources */ = {isa = PBXBuildFile; fileRef = B139B9E81F0427CC00E67E2D /* baseball-background.jpg */; };
		B139B9EC1F0427CC00E67E2D /* basketball-background.jpg in Resources */ = {isa = PBXBuildFile; fileRef = B139B9E91F0427CC00E67E2D /* basketball-background.jpg */; };
		B139B9ED1F0427CC00E67E2D /* hockey-background.jpg in Resources */ = {isa = PBXBuildFile; fileRef = B139B9EA1F0427CC00E67E2D /* hockey-background.jpg */; };
		B139B9EE1F04345900E67E2D /* AmsiPro-Black.ttf in Resources */ = {isa = PBXBuildFile; fileRef = B1F7825E1F03681C0034DFE5 /* AmsiPro-Black.ttf */; };
		B139B9EF1F04345900E67E2D /* AmsiPro-Bold.ttf in Resources */ = {isa = PBXBuildFile; fileRef = B1F7825F1F03681C0034DFE5 /* AmsiPro-Bold.ttf */; };
		B139B9F01F04345900E67E2D /* AmsiPro-Light.ttf in Resources */ = {isa = PBXBuildFile; fileRef = B1F782601F03681C0034DFE5 /* AmsiPro-Light.ttf */; };
		B139B9F11F04345900E67E2D /* AmsiPro-Regular.ttf in Resources */ = {isa = PBXBuildFile; fileRef = B1F782611F03681C0034DFE5 /* AmsiPro-Regular.ttf */; };
		B139B9F21F04345900E67E2D /* AmsiPro-SemiBold.ttf in Resources */ = {isa = PBXBuildFile; fileRef = B1F782621F03681C0034DFE5 /* AmsiPro-SemiBold.ttf */; };
		B139B9F31F04345900E67E2D /* AmsiPro-Ultra.ttf in Resources */ = {isa = PBXBuildFile; fileRef = B1F782631F03681C0034DFE5 /* AmsiPro-Ultra.ttf */; };
		B139B9F41F04345900E67E2D /* AmsiPro-XLight.ttf in Resources */ = {isa = PBXBuildFile; fileRef = B1F782641F03681C0034DFE5 /* AmsiPro-XLight.ttf */; };
		B13A2ACF1F00A6F70096BBC1 /* WeeksViewController.swift in Sources */ = {isa = PBXBuildFile; fileRef = B13A2ACE1F00A6F70096BBC1 /* WeeksViewController.swift */; };
		B13A2AD11F00BE4C0096BBC1 /* WeeksTableViewCellController.swift in Sources */ = {isa = PBXBuildFile; fileRef = B13A2AD01F00BE4C0096BBC1 /* WeeksTableViewCellController.swift */; };
		B149B09B1EFDE1D4009773ED /* AppDelegate.swift in Sources */ = {isa = PBXBuildFile; fileRef = B149B09A1EFDE1D4009773ED /* AppDelegate.swift */; };
		B149B09D1EFDE1D4009773ED /* LeaguesViewController.swift in Sources */ = {isa = PBXBuildFile; fileRef = B149B09C1EFDE1D4009773ED /* LeaguesViewController.swift */; };
		B149B0A01EFDE1D4009773ED /* Main.storyboard in Resources */ = {isa = PBXBuildFile; fileRef = B149B09E1EFDE1D4009773ED /* Main.storyboard */; };
		B149B0A21EFDE1D4009773ED /* Assets.xcassets in Resources */ = {isa = PBXBuildFile; fileRef = B149B0A11EFDE1D4009773ED /* Assets.xcassets */; };
		B149B0A51EFDE1D4009773ED /* LaunchScreen.storyboard in Resources */ = {isa = PBXBuildFile; fileRef = B149B0A31EFDE1D4009773ED /* LaunchScreen.storyboard */; };
		B149B0AE1EFDE252009773ED /* sports-week-1.json in Resources */ = {isa = PBXBuildFile; fileRef = B149B0AC1EFDE252009773ED /* sports-week-1.json */; };
		B149B0AF1EFDE252009773ED /* sports-week-2.json in Resources */ = {isa = PBXBuildFile; fileRef = B149B0AD1EFDE252009773ED /* sports-week-2.json */; };
		B149B0BB1EFDFB47009773ED /* LeaguesTableViewCellController.swift in Sources */ = {isa = PBXBuildFile; fileRef = B149B0BA1EFDFB47009773ED /* LeaguesTableViewCellController.swift */; };
		B1B489DD1F055E9700C51C06 /* baseball3.png in Resources */ = {isa = PBXBuildFile; fileRef = B1B489D81F055E9700C51C06 /* baseball3.png */; };
		B1B489DE1F055E9700C51C06 /* baseball4.png in Resources */ = {isa = PBXBuildFile; fileRef = B1B489D91F055E9700C51C06 /* baseball4.png */; };
		B1B489DF1F055E9700C51C06 /* football-background.jpg in Resources */ = {isa = PBXBuildFile; fileRef = B1B489DA1F055E9700C51C06 /* football-background.jpg */; };
		B1B489E01F055E9700C51C06 /* football1.png in Resources */ = {isa = PBXBuildFile; fileRef = B1B489DB1F055E9700C51C06 /* football1.png */; };
		B1B489E11F055E9700C51C06 /* football2.png in Resources */ = {isa = PBXBuildFile; fileRef = B1B489DC1F055E9700C51C06 /* football2.png */; };
		B1B489E61F05645A00C51C06 /* basketball5.png in Resources */ = {isa = PBXBuildFile; fileRef = B1B489E41F05645A00C51C06 /* basketball5.png */; };
		B1B489E71F05645A00C51C06 /* basketball6.png in Resources */ = {isa = PBXBuildFile; fileRef = B1B489E51F05645A00C51C06 /* basketball6.png */; };
		B1B489E91F056B4500C51C06 /* preview2.jpg in Resources */ = {isa = PBXBuildFile; fileRef = B1B489E81F056B4500C51C06 /* preview2.jpg */; };
		B1F7827F1F0380E90034DFE5 /* baseball1.png in Resources */ = {isa = PBXBuildFile; fileRef = B1F782691F0380E80034DFE5 /* baseball1.png */; };
		B1F782801F0380E90034DFE5 /* baseball2.png in Resources */ = {isa = PBXBuildFile; fileRef = B1F7826A1F0380E80034DFE5 /* baseball2.png */; };
		B1F782831F0380E90034DFE5 /* basketball1.png in Resources */ = {isa = PBXBuildFile; fileRef = B1F7826D1F0380E80034DFE5 /* basketball1.png */; };
		B1F782841F0380E90034DFE5 /* basketball2.png in Resources */ = {isa = PBXBuildFile; fileRef = B1F7826E1F0380E80034DFE5 /* basketball2.png */; };
		B1F782851F0380E90034DFE5 /* basketball3.png in Resources */ = {isa = PBXBuildFile; fileRef = B1F7826F1F0380E80034DFE5 /* basketball3.png */; };
		B1F782861F0380E90034DFE5 /* basketball4.png in Resources */ = {isa = PBXBuildFile; fileRef = B1F782701F0380E80034DFE5 /* basketball4.png */; };
		B1F782871F0380E90034DFE5 /* calendar.png in Resources */ = {isa = PBXBuildFile; fileRef = B1F782711F0380E80034DFE5 /* calendar.png */; };
		B1F7828A1F0380E90034DFE5 /* hockey1.png in Resources */ = {isa = PBXBuildFile; fileRef = B1F782741F0380E80034DFE5 /* hockey1.png */; };
		B1F7828B1F0380E90034DFE5 /* hockey2.png in Resources */ = {isa = PBXBuildFile; fileRef = B1F782751F0380E80034DFE5 /* hockey2.png */; };
		B1F7828C1F0380E90034DFE5 /* hockey3.png in Resources */ = {isa = PBXBuildFile; fileRef = B1F782761F0380E80034DFE5 /* hockey3.png */; };
		B1F7828D1F0380E90034DFE5 /* hockey4.png in Resources */ = {isa = PBXBuildFile; fileRef = B1F782771F0380E80034DFE5 /* hockey4.png */; };
		B1F7828E1F0380E90034DFE5 /* hockey5.png in Resources */ = {isa = PBXBuildFile; fileRef = B1F782781F0380E80034DFE5 /* hockey5.png */; };
		B1F7828F1F0380E90034DFE5 /* hockey6.png in Resources */ = {isa = PBXBuildFile; fileRef = B1F782791F0380E80034DFE5 /* hockey6.png */; };
		B1F782901F0380E90034DFE5 /* hockey7.png in Resources */ = {isa = PBXBuildFile; fileRef = B1F7827A1F0380E80034DFE5 /* hockey7.png */; };
		B1F782911F0380E90034DFE5 /* hockey8.png in Resources */ = {isa = PBXBuildFile; fileRef = B1F7827B1F0380E80034DFE5 /* hockey8.png */; };
/* End PBXBuildFile section */

/* Begin PBXFileReference section */
		B12DAD271F04BF950028DBBD /* preview1.jpg */ = {isa = PBXFileReference; lastKnownFileType = image.jpeg; path = preview1.jpg; sourceTree = "<group>"; };
		B12DAD291F04BF950028DBBD /* preview3.jpg */ = {isa = PBXFileReference; lastKnownFileType = image.jpeg; path = preview3.jpg; sourceTree = "<group>"; };
		B12FF56A1F01BB5B00FDD6D2 /* SwiftyJSON.swift */ = {isa = PBXFileReference; fileEncoding = 4; lastKnownFileType = sourcecode.swift; path = SwiftyJSON.swift; sourceTree = "<group>"; };
		B12FF56C1F01C97100FDD6D2 /* League.swift */ = {isa = PBXFileReference; fileEncoding = 4; lastKnownFileType = sourcecode.swift; path = League.swift; sourceTree = "<group>"; };
		B12FF56E1F01F6B900FDD6D2 /* Game.swift */ = {isa = PBXFileReference; fileEncoding = 4; lastKnownFileType = sourcecode.swift; path = Game.swift; sourceTree = "<group>"; };
		B12FF5701F01FFC200FDD6D2 /* GamesViewController.swift */ = {isa = PBXFileReference; fileEncoding = 4; lastKnownFileType = sourcecode.swift; path = GamesViewController.swift; sourceTree = "<group>"; };
		B12FF5721F02047A00FDD6D2 /* GamesTableViewCellController.swift */ = {isa = PBXFileReference; fileEncoding = 4; lastKnownFileType = sourcecode.swift; path = GamesTableViewCellController.swift; sourceTree = "<group>"; };
		B139B9E81F0427CC00E67E2D /* baseball-background.jpg */ = {isa = PBXFileReference; lastKnownFileType = image.jpeg; path = "baseball-background.jpg"; sourceTree = "<group>"; };
		B139B9E91F0427CC00E67E2D /* basketball-background.jpg */ = {isa = PBXFileReference; lastKnownFileType = image.jpeg; path = "basketball-background.jpg"; sourceTree = "<group>"; };
		B139B9EA1F0427CC00E67E2D /* hockey-background.jpg */ = {isa = PBXFileReference; lastKnownFileType = image.jpeg; path = "hockey-background.jpg"; sourceTree = "<group>"; };
		B13A2ACE1F00A6F70096BBC1 /* WeeksViewController.swift */ = {isa = PBXFileReference; fileEncoding = 4; lastKnownFileType = sourcecode.swift; path = WeeksViewController.swift; sourceTree = "<group>"; };
		B13A2AD01F00BE4C0096BBC1 /* WeeksTableViewCellController.swift */ = {isa = PBXFileReference; fileEncoding = 4; lastKnownFileType = sourcecode.swift; path = WeeksTableViewCellController.swift; sourceTree = "<group>"; };
		B149B0971EFDE1D4009773ED /* Sports League.app */ = {isa = PBXFileReference; explicitFileType = wrapper.application; includeInIndex = 0; path = "Sports League.app"; sourceTree = BUILT_PRODUCTS_DIR; };
		B149B09A1EFDE1D4009773ED /* AppDelegate.swift */ = {isa = PBXFileReference; lastKnownFileType = sourcecode.swift; path = AppDelegate.swift; sourceTree = "<group>"; };
		B149B09C1EFDE1D4009773ED /* LeaguesViewController.swift */ = {isa = PBXFileReference; lastKnownFileType = sourcecode.swift; path = LeaguesViewController.swift; sourceTree = "<group>"; };
		B149B09F1EFDE1D4009773ED /* Base */ = {isa = PBXFileReference; lastKnownFileType = file.storyboard; name = Base; path = Base.lproj/Main.storyboard; sourceTree = "<group>"; };
		B149B0A11EFDE1D4009773ED /* Assets.xcassets */ = {isa = PBXFileReference; lastKnownFileType = folder.assetcatalog; path = Assets.xcassets; sourceTree = "<group>"; };
		B149B0A41EFDE1D4009773ED /* Base */ = {isa = PBXFileReference; lastKnownFileType = file.storyboard; name = Base; path = Base.lproj/LaunchScreen.storyboard; sourceTree = "<group>"; };
		B149B0A61EFDE1D4009773ED /* Info.plist */ = {isa = PBXFileReference; lastKnownFileType = text.plist.xml; path = Info.plist; sourceTree = "<group>"; };
		B149B0AC1EFDE252009773ED /* sports-week-1.json */ = {isa = PBXFileReference; fileEncoding = 4; lastKnownFileType = text.json; path = "sports-week-1.json"; sourceTree = "<group>"; };
		B149B0AD1EFDE252009773ED /* sports-week-2.json */ = {isa = PBXFileReference; fileEncoding = 4; lastKnownFileType = text.json; path = "sports-week-2.json"; sourceTree = "<group>"; };
		B149B0BA1EFDFB47009773ED /* LeaguesTableViewCellController.swift */ = {isa = PBXFileReference; fileEncoding = 4; lastKnownFileType = sourcecode.swift; path = LeaguesTableViewCellController.swift; sourceTree = "<group>"; };
		B1B489D81F055E9700C51C06 /* baseball3.png */ = {isa = PBXFileReference; lastKnownFileType = image.png; path = baseball3.png; sourceTree = "<group>"; };
		B1B489D91F055E9700C51C06 /* baseball4.png */ = {isa = PBXFileReference; lastKnownFileType = image.png; path = baseball4.png; sourceTree = "<group>"; };
		B1B489DA1F055E9700C51C06 /* football-background.jpg */ = {isa = PBXFileReference; lastKnownFileType = image.jpeg; path = "football-background.jpg"; sourceTree = "<group>"; };
		B1B489DB1F055E9700C51C06 /* football1.png */ = {isa = PBXFileReference; lastKnownFileType = image.png; path = football1.png; sourceTree = "<group>"; };
		B1B489DC1F055E9700C51C06 /* football2.png */ = {isa = PBXFileReference; lastKnownFileType = image.png; path = football2.png; sourceTree = "<group>"; };
		B1B489E41F05645A00C51C06 /* basketball5.png */ = {isa = PBXFileReference; lastKnownFileType = image.png; path = basketball5.png; sourceTree = "<group>"; };
		B1B489E51F05645A00C51C06 /* basketball6.png */ = {isa = PBXFileReference; lastKnownFileType = image.png; path = basketball6.png; sourceTree = "<group>"; };
		B1B489E81F056B4500C51C06 /* preview2.jpg */ = {isa = PBXFileReference; lastKnownFileType = image.jpeg; path = preview2.jpg; sourceTree = "<group>"; };
		B1F7825E1F03681C0034DFE5 /* AmsiPro-Black.ttf */ = {isa = PBXFileReference; lastKnownFileType = file; path = "AmsiPro-Black.ttf"; sourceTree = "<group>"; };
		B1F7825F1F03681C0034DFE5 /* AmsiPro-Bold.ttf */ = {isa = PBXFileReference; lastKnownFileType = file; path = "AmsiPro-Bold.ttf"; sourceTree = "<group>"; };
		B1F782601F03681C0034DFE5 /* AmsiPro-Light.ttf */ = {isa = PBXFileReference; lastKnownFileType = file; path = "AmsiPro-Light.ttf"; sourceTree = "<group>"; };
		B1F782611F03681C0034DFE5 /* AmsiPro-Regular.ttf */ = {isa = PBXFileReference; lastKnownFileType = file; path = "AmsiPro-Regular.ttf"; sourceTree = "<group>"; };
		B1F782621F03681C0034DFE5 /* AmsiPro-SemiBold.ttf */ = {isa = PBXFileReference; lastKnownFileType = file; path = "AmsiPro-SemiBold.ttf"; sourceTree = "<group>"; };
		B1F782631F03681C0034DFE5 /* AmsiPro-Ultra.ttf */ = {isa = PBXFileReference; lastKnownFileType = file; path = "AmsiPro-Ultra.ttf"; sourceTree = "<group>"; };
		B1F782641F03681C0034DFE5 /* AmsiPro-XLight.ttf */ = {isa = PBXFileReference; lastKnownFileType = file; path = "AmsiPro-XLight.ttf"; sourceTree = "<group>"; };
		B1F782691F0380E80034DFE5 /* baseball1.png */ = {isa = PBXFileReference; lastKnownFileType = image.png; path = baseball1.png; sourceTree = "<group>"; };
		B1F7826A1F0380E80034DFE5 /* baseball2.png */ = {isa = PBXFileReference; lastKnownFileType = image.png; path = baseball2.png; sourceTree = "<group>"; };
		B1F7826D1F0380E80034DFE5 /* basketball1.png */ = {isa = PBXFileReference; lastKnownFileType = image.png; path = basketball1.png; sourceTree = "<group>"; };
		B1F7826E1F0380E80034DFE5 /* basketball2.png */ = {isa = PBXFileReference; lastKnownFileType = image.png; path = basketball2.png; sourceTree = "<group>"; };
		B1F7826F1F0380E80034DFE5 /* basketball3.png */ = {isa = PBXFileReference; lastKnownFileType = image.png; path = basketball3.png; sourceTree = "<group>"; };
		B1F782701F0380E80034DFE5 /* basketball4.png */ = {isa = PBXFileReference; lastKnownFileType = image.png; path = basketball4.png; sourceTree = "<group>"; };
		B1F782711F0380E80034DFE5 /* calendar.png */ = {isa = PBXFileReference; lastKnownFileType = image.png; path = calendar.png; sourceTree = "<group>"; };
		B1F782741F0380E80034DFE5 /* hockey1.png */ = {isa = PBXFileReference; lastKnownFileType = image.png; path = hockey1.png; sourceTree = "<group>"; };
		B1F782751F0380E80034DFE5 /* hockey2.png */ = {isa = PBXFileReference; lastKnownFileType = image.png; path = hockey2.png; sourceTree = "<group>"; };
		B1F782761F0380E80034DFE5 /* hockey3.png */ = {isa = PBXFileReference; lastKnownFileType = image.png; path = hockey3.png; sourceTree = "<group>"; };
		B1F782771F0380E80034DFE5 /* hockey4.png */ = {isa = PBXFileReference; lastKnownFileType = image.png; path = hockey4.png; sourceTree = "<group>"; };
		B1F782781F0380E80034DFE5 /* hockey5.png */ = {isa = PBXFileReference; lastKnownFileType = image.png; path = hockey5.png; sourceTree = "<group>"; };
		B1F782791F0380E80034DFE5 /* hockey6.png */ = {isa = PBXFileReference; lastKnownFileType = image.png; path = hockey6.png; sourceTree = "<group>"; };
		B1F7827A1F0380E80034DFE5 /* hockey7.png */ = {isa = PBXFileReference; lastKnownFileType = image.png; path = hockey7.png; sourceTree = "<group>"; };
		B1F7827B1F0380E80034DFE5 /* hockey8.png */ = {isa = PBXFileReference; lastKnownFileType = image.png; path = hockey8.png; sourceTree = "<group>"; };
/* End PBXFileReference section */

/* Begin PBXFrameworksBuildPhase section */
		B149B0941EFDE1D3009773ED /* Frameworks */ = {
			isa = PBXFrameworksBuildPhase;
			buildActionMask = 2147483647;
			files = (
			);
			runOnlyForDeploymentPostprocessing = 0;
		};
/* End PBXFrameworksBuildPhase section */

/* Begin PBXGroup section */
		B149B08E1EFDE1D3009773ED = {
			isa = PBXGroup;
			children = (
				B149B0991EFDE1D4009773ED /* Sports League */,
				B149B0981EFDE1D4009773ED /* Products */,
			);
			sourceTree = "<group>";
		};
		B149B0981EFDE1D4009773ED /* Products */ = {
			isa = PBXGroup;
			children = (
				B149B0971EFDE1D4009773ED /* Sports League.app */,
			);
			name = Products;
			sourceTree = "<group>";
		};
		B149B0991EFDE1D4009773ED /* Sports League */ = {
			isa = PBXGroup;
			children = (
				B1F782651F03762D0034DFE5 /* Images */,
				B1F7825D1F0367F50034DFE5 /* Fonts */,
				B149B0B01EFDE260009773ED /* JSON */,
				B149B09A1EFDE1D4009773ED /* AppDelegate.swift */,
				B12FF56A1F01BB5B00FDD6D2 /* SwiftyJSON.swift */,
				B13A2ACE1F00A6F70096BBC1 /* WeeksViewController.swift */,
				B13A2AD01F00BE4C0096BBC1 /* WeeksTableViewCellController.swift */,
				B149B09C1EFDE1D4009773ED /* LeaguesViewController.swift */,
				B149B0BA1EFDFB47009773ED /* LeaguesTableViewCellController.swift */,
				B12FF56C1F01C97100FDD6D2 /* League.swift */,
				B12FF5701F01FFC200FDD6D2 /* GamesViewController.swift */,
				B12FF5721F02047A00FDD6D2 /* GamesTableViewCellController.swift */,
				B12FF56E1F01F6B900FDD6D2 /* Game.swift */,
				B149B09E1EFDE1D4009773ED /* Main.storyboard */,
				B149B0A11EFDE1D4009773ED /* Assets.xcassets */,
				B149B0A31EFDE1D4009773ED /* LaunchScreen.storyboard */,
				B149B0A61EFDE1D4009773ED /* Info.plist */,
			);
			path = "Sports League";
			sourceTree = "<group>";
		};
		B149B0B01EFDE260009773ED /* JSON */ = {
			isa = PBXGroup;
			children = (
				B149B0AC1EFDE252009773ED /* sports-week-1.json */,
				B149B0AD1EFDE252009773ED /* sports-week-2.json */,
			);
			name = JSON;
			sourceTree = "<group>";
		};
		B1F7825C1F0367C70034DFE5 /* Github */ = {
			isa = PBXGroup;
			children = (
				B12DAD271F04BF950028DBBD /* preview1.jpg */,
				B1B489E81F056B4500C51C06 /* preview2.jpg */,
				B12DAD291F04BF950028DBBD /* preview3.jpg */,
				B139B9EA1F0427CC00E67E2D /* hockey-background.jpg */,
				B139B9E81F0427CC00E67E2D /* baseball-background.jpg */,
				B139B9E91F0427CC00E67E2D /* basketball-background.jpg */,
				B1B489DA1F055E9700C51C06 /* football-background.jpg */,
				B1F782741F0380E80034DFE5 /* hockey1.png */,
				B1F782751F0380E80034DFE5 /* hockey2.png */,
				B1F782761F0380E80034DFE5 /* hockey3.png */,
				B1F782771F0380E80034DFE5 /* hockey4.png */,
				B1F782781F0380E80034DFE5 /* hockey5.png */,
				B1F782791F0380E80034DFE5 /* hockey6.png */,
				B1F7827A1F0380E80034DFE5 /* hockey7.png */,
				B1F7827B1F0380E80034DFE5 /* hockey8.png */,
				B1F782691F0380E80034DFE5 /* baseball1.png */,
				B1F7826A1F0380E80034DFE5 /* baseball2.png */,
				B1B489D81F055E9700C51C06 /* baseball3.png */,
				B1B489D91F055E9700C51C06 /* baseball4.png */,
				B1F7826D1F0380E80034DFE5 /* basketball1.png */,
				B1F7826E1F0380E80034DFE5 /* basketball2.png */,
				B1F7826F1F0380E80034DFE5 /* basketball3.png */,
				B1F782701F0380E80034DFE5 /* basketball4.png */,
				B1B489E41F05645A00C51C06 /* basketball5.png */,
				B1B489E51F05645A00C51C06 /* basketball6.png */,
				B1B489DB1F055E9700C51C06 /* football1.png */,
				B1B489DC1F055E9700C51C06 /* football2.png */,
			);
			name = Github;
			sourceTree = "<group>";
		};
		B1F7825D1F0367F50034DFE5 /* Fonts */ = {
			isa = PBXGroup;
			children = (
				B1F7825E1F03681C0034DFE5 /* AmsiPro-Black.ttf */,
				B1F7825F1F03681C0034DFE5 /* AmsiPro-Bold.ttf */,
				B1F782601F03681C0034DFE5 /* AmsiPro-Light.ttf */,
				B1F782611F03681C0034DFE5 /* AmsiPro-Regular.ttf */,
				B1F782621F03681C0034DFE5 /* AmsiPro-SemiBold.ttf */,
				B1F782631F03681C0034DFE5 /* AmsiPro-Ultra.ttf */,
				B1F782641F03681C0034DFE5 /* AmsiPro-XLight.ttf */,
			);
			name = Fonts;
			sourceTree = "<group>";
		};
		B1F782651F03762D0034DFE5 /* Images */ = {
			isa = PBXGroup;
			children = (
				B1F782711F0380E80034DFE5 /* calendar.png */,
				B1F7825C1F0367C70034DFE5 /* Github */,
			);
			name = Images;
			sourceTree = "<group>";
		};
/* End PBXGroup section */

/* Begin PBXNativeTarget section */
		B149B0961EFDE1D3009773ED /* Sports League */ = {
			isa = PBXNativeTarget;
			buildConfigurationList = B149B0A91EFDE1D4009773ED /* Build configuration list for PBXNativeTarget "Sports League" */;
			buildPhases = (
				B149B0931EFDE1D3009773ED /* Sources */,
				B149B0941EFDE1D3009773ED /* Frameworks */,
				B149B0951EFDE1D3009773ED /* Resources */,
			);
			buildRules = (
			);
			dependencies = (
			);
			name = "Sports League";
			productName = "Sports League";
			productReference = B149B0971EFDE1D4009773ED /* Sports League.app */;
			productType = "com.apple.product-type.application";
		};
/* End PBXNativeTarget section */

/* Begin PBXProject section */
		B149B08F1EFDE1D3009773ED /* Project object */ = {
			isa = PBXProject;
			attributes = {
				LastSwiftUpdateCheck = 0830;
				LastUpgradeCheck = 0830;
				ORGANIZATIONNAME = "Bruno Campos";
				TargetAttributes = {
					B149B0961EFDE1D3009773ED = {
						CreatedOnToolsVersion = 8.3.3;
						ProvisioningStyle = Automatic;
					};
				};
			};
			buildConfigurationList = B149B0921EFDE1D3009773ED /* Build configuration list for PBXProject "Sports League" */;
			compatibilityVersion = "Xcode 3.2";
			developmentRegion = English;
			hasScannedForEncodings = 0;
			knownRegions = (
				en,
				Base,
			);
			mainGroup = B149B08E1EFDE1D3009773ED;
			productRefGroup = B149B0981EFDE1D4009773ED /* Products */;
			projectDirPath = "";
			projectRoot = "";
			targets = (
				B149B0961EFDE1D3009773ED /* Sports League */,
			);
		};
/* End PBXProject section */

/* Begin PBXResourcesBuildPhase section */
		B149B0951EFDE1D3009773ED /* Resources */ = {
			isa = PBXResourcesBuildPhase;
			buildActionMask = 2147483647;
			files = (
				B1B489DE1F055E9700C51C06 /* baseball4.png in Resources */,
				B139B9EE1F04345900E67E2D /* AmsiPro-Black.ttf in Resources */,
				B139B9EF1F04345900E67E2D /* AmsiPro-Bold.ttf in Resources */,
				B139B9F01F04345900E67E2D /* AmsiPro-Light.ttf in Resources */,
				B139B9F11F04345900E67E2D /* AmsiPro-Regular.ttf in Resources */,
				B139B9F21F04345900E67E2D /* AmsiPro-SemiBold.ttf in Resources */,
				B139B9F31F04345900E67E2D /* AmsiPro-Ultra.ttf in Resources */,
				B1B489E91F056B4500C51C06 /* preview2.jpg in Resources */,
				B139B9F41F04345900E67E2D /* AmsiPro-XLight.ttf in Resources */,
				B1B489E11F055E9700C51C06 /* football2.png in Resources */,
				B1F782901F0380E90034DFE5 /* hockey7.png in Resources */,
				B139B9EC1F0427CC00E67E2D /* basketball-background.jpg in Resources */,
				B1F782831F0380E90034DFE5 /* basketball1.png in Resources */,
				B1F7828A1F0380E90034DFE5 /* hockey1.png in Resources */,
				B139B9EB1F0427CC00E67E2D /* baseball-background.jpg in Resources */,
				B1F7828D1F0380E90034DFE5 /* hockey4.png in Resources */,
				B1F7828B1F0380E90034DFE5 /* hockey2.png in Resources */,
				B12DAD2A1F04BF950028DBBD /* preview1.jpg in Resources */,
				B1B489DF1F055E9700C51C06 /* football-background.jpg in Resources */,
				B1F7828F1F0380E90034DFE5 /* hockey6.png in Resources */,
				B149B0AE1EFDE252009773ED /* sports-week-1.json in Resources */,
				B1B489E71F05645A00C51C06 /* basketball6.png in Resources */,
				B1F782911F0380E90034DFE5 /* hockey8.png in Resources */,
				B149B0A51EFDE1D4009773ED /* LaunchScreen.storyboard in Resources */,
				B1F782871F0380E90034DFE5 /* calendar.png in Resources */,
				B1F7827F1F0380E90034DFE5 /* baseball1.png in Resources */,
				B1F782801F0380E90034DFE5 /* baseball2.png in Resources */,
				B1F782851F0380E90034DFE5 /* basketball3.png in Resources */,
				B149B0A21EFDE1D4009773ED /* Assets.xcassets in Resources */,
				B1F782861F0380E90034DFE5 /* basketball4.png in Resources */,
				B149B0AF1EFDE252009773ED /* sports-week-2.json in Resources */,
				B1B489E61F05645A00C51C06 /* basketball5.png in Resources */,
				B149B0A01EFDE1D4009773ED /* Main.storyboard in Resources */,
				B139B9ED1F0427CC00E67E2D /* hockey-background.jpg in Resources */,
				B1F7828C1F0380E90034DFE5 /* hockey3.png in Resources */,
				B1B489DD1F055E9700C51C06 /* baseball3.png in Resources */,
				B1B489E01F055E9700C51C06 /* football1.png in Resources */,
				B12DAD2C1F04BF950028DBBD /* preview3.jpg in Resources */,
				B1F7828E1F0380E90034DFE5 /* hockey5.png in Resources */,
				B1F782841F0380E90034DFE5 /* basketball2.png in Resources */,
			);
			runOnlyForDeploymentPostprocessing = 0;
		};
/* End PBXResourcesBuildPhase section */

/* Begin PBXSourcesBuildPhase section */
		B149B0931EFDE1D3009773ED /* Sources */ = {
			isa = PBXSourcesBuildPhase;
			buildActionMask = 2147483647;
			files = (
				B149B09D1EFDE1D4009773ED /* LeaguesViewController.swift in Sources */,
				B149B0BB1EFDFB47009773ED /* LeaguesTableViewCellController.swift in Sources */,
				B13A2ACF1F00A6F70096BBC1 /* WeeksViewController.swift in Sources */,
				B12FF56B1F01BB5C00FDD6D2 /* SwiftyJSON.swift in Sources */,
				B12FF5711F01FFC200FDD6D2 /* GamesViewController.swift in Sources */,
				B12FF5731F02047A00FDD6D2 /* GamesTableViewCellController.swift in Sources */,
				B12FF56F1F01F6BA00FDD6D2 /* Game.swift in Sources */,
				B149B09B1EFDE1D4009773ED /* AppDelegate.swift in Sources */,
				B12FF56D1F01C97100FDD6D2 /* League.swift in Sources */,
				B13A2AD11F00BE4C0096BBC1 /* WeeksTableViewCellController.swift in Sources */,
			);
			runOnlyForDeploymentPostprocessing = 0;
		};
/* End PBXSourcesBuildPhase section */

/* Begin PBXVariantGroup section */
		B149B09E1EFDE1D4009773ED /* Main.storyboard */ = {
			isa = PBXVariantGroup;
			children = (
				B149B09F1EFDE1D4009773ED /* Base */,
			);
			name = Main.storyboard;
			sourceTree = "<group>";
		};
		B149B0A31EFDE1D4009773ED /* LaunchScreen.storyboard */ = {
			isa = PBXVariantGroup;
			children = (
				B149B0A41EFDE1D4009773ED /* Base */,
			);
			name = LaunchScreen.storyboard;
			sourceTree = "<group>";
		};
/* End PBXVariantGroup section */

/* Begin XCBuildConfiguration section */
		B149B0A71EFDE1D4009773ED /* Debug */ = {
			isa = XCBuildConfiguration;
			buildSettings = {
				ALWAYS_SEARCH_USER_PATHS = NO;
				CLANG_ANALYZER_NONNULL = YES;
				CLANG_ANALYZER_NUMBER_OBJECT_CONVERSION = YES_AGGRESSIVE;
				CLANG_CXX_LANGUAGE_STANDARD = "gnu++0x";
				CLANG_CXX_LIBRARY = "libc++";
				CLANG_ENABLE_MODULES = YES;
				CLANG_ENABLE_OBJC_ARC = YES;
				CLANG_WARN_BOOL_CONVERSION = YES;
				CLANG_WARN_CONSTANT_CONVERSION = YES;
				CLANG_WARN_DIRECT_OBJC_ISA_USAGE = YES_ERROR;
				CLANG_WARN_DOCUMENTATION_COMMENTS = YES;
				CLANG_WARN_EMPTY_BODY = YES;
				CLANG_WARN_ENUM_CONVERSION = YES;
				CLANG_WARN_INFINITE_RECURSION = YES;
				CLANG_WARN_INT_CONVERSION = YES;
				CLANG_WARN_OBJC_ROOT_CLASS = YES_ERROR;
				CLANG_WARN_SUSPICIOUS_MOVE = YES;
				CLANG_WARN_UNREACHABLE_CODE = YES;
				CLANG_WARN__DUPLICATE_METHOD_MATCH = YES;
				"CODE_SIGN_IDENTITY[sdk=iphoneos*]" = "iPhone Developer";
				COPY_PHASE_STRIP = NO;
				DEBUG_INFORMATION_FORMAT = dwarf;
				ENABLE_STRICT_OBJC_MSGSEND = YES;
				ENABLE_TESTABILITY = YES;
				GCC_C_LANGUAGE_STANDARD = gnu99;
				GCC_DYNAMIC_NO_PIC = NO;
				GCC_NO_COMMON_BLOCKS = YES;
				GCC_OPTIMIZATION_LEVEL = 0;
				GCC_PREPROCESSOR_DEFINITIONS = (
					"DEBUG=1",
					"$(inherited)",
				);
				GCC_WARN_64_TO_32_BIT_CONVERSION = YES;
				GCC_WARN_ABOUT_RETURN_TYPE = YES_ERROR;
				GCC_WARN_UNDECLARED_SELECTOR = YES;
				GCC_WARN_UNINITIALIZED_AUTOS = YES_AGGRESSIVE;
				GCC_WARN_UNUSED_FUNCTION = YES;
				GCC_WARN_UNUSED_VARIABLE = YES;
				IPHONEOS_DEPLOYMENT_TARGET = 10.3;
				MTL_ENABLE_DEBUG_INFO = YES;
				ONLY_ACTIVE_ARCH = YES;
				SDKROOT = iphoneos;
				SWIFT_ACTIVE_COMPILATION_CONDITIONS = DEBUG;
				SWIFT_OPTIMIZATION_LEVEL = "-Onone";
			};
			name = Debug;
		};
		B149B0A81EFDE1D4009773ED /* Release */ = {
			isa = XCBuildConfiguration;
			buildSettings = {
				ALWAYS_SEARCH_USER_PATHS = NO;
				CLANG_ANALYZER_NONNULL = YES;
				CLANG_ANALYZER_NUMBER_OBJECT_CONVERSION = YES_AGGRESSIVE;
				CLANG_CXX_LANGUAGE_STANDARD = "gnu++0x";
				CLANG_CXX_LIBRARY = "libc++";
				CLANG_ENABLE_MODULES = YES;
				CLANG_ENABLE_OBJC_ARC = YES;
				CLANG_WARN_BOOL_CONVERSION = YES;
				CLANG_WARN_CONSTANT_CONVERSION = YES;
				CLANG_WARN_DIRECT_OBJC_ISA_USAGE = YES_ERROR;
				CLANG_WARN_DOCUMENTATION_COMMENTS = YES;
				CLANG_WARN_EMPTY_BODY = YES;
				CLANG_WARN_ENUM_CONVERSION = YES;
				CLANG_WARN_INFINITE_RECURSION = YES;
				CLANG_WARN_INT_CONVERSION = YES;
				CLANG_WARN_OBJC_ROOT_CLASS = YES_ERROR;
				CLANG_WARN_SUSPICIOUS_MOVE = YES;
				CLANG_WARN_UNREACHABLE_CODE = YES;
				CLANG_WARN__DUPLICATE_METHOD_MATCH = YES;
				"CODE_SIGN_IDENTITY[sdk=iphoneos*]" = "iPhone Developer";
				COPY_PHASE_STRIP = NO;
				DEBUG_INFORMATION_FORMAT = "dwarf-with-dsym";
				ENABLE_NS_ASSERTIONS = NO;
				ENABLE_STRICT_OBJC_MSGSEND = YES;
				GCC_C_LANGUAGE_STANDARD = gnu99;
				GCC_NO_COMMON_BLOCKS = YES;
				GCC_WARN_64_TO_32_BIT_CONVERSION = YES;
				GCC_WARN_ABOUT_RETURN_TYPE = YES_ERROR;
				GCC_WARN_UNDECLARED_SELECTOR = YES;
				GCC_WARN_UNINITIALIZED_AUTOS = YES_AGGRESSIVE;
				GCC_WARN_UNUSED_FUNCTION = YES;
				GCC_WARN_UNUSED_VARIABLE = YES;
				IPHONEOS_DEPLOYMENT_TARGET = 10.3;
				MTL_ENABLE_DEBUG_INFO = NO;
				SDKROOT = iphoneos;
				SWIFT_OPTIMIZATION_LEVEL = "-Owholemodule";
				VALIDATE_PRODUCT = YES;
			};
			name = Release;
		};
		B149B0AA1EFDE1D4009773ED /* Debug */ = {
			isa = XCBuildConfiguration;
			buildSettings = {
				ASSETCATALOG_COMPILER_APPICON_NAME = AppIcon;
				INFOPLIST_FILE = "Sports League/Info.plist";
				LD_RUNPATH_SEARCH_PATHS = "$(inherited) @executable_path/Frameworks";
				PRODUCT_BUNDLE_IDENTIFIER = "com.brunocampos.Sports-League";
				PRODUCT_NAME = "$(TARGET_NAME)";
				SWIFT_VERSION = 3.0;
			};
			name = Debug;
		};
		B149B0AB1EFDE1D4009773ED /* Release */ = {
			isa = XCBuildConfiguration;
			buildSettings = {
				ASSETCATALOG_COMPILER_APPICON_NAME = AppIcon;
				INFOPLIST_FILE = "Sports League/Info.plist";
				LD_RUNPATH_SEARCH_PATHS = "$(inherited) @executable_path/Frameworks";
				PRODUCT_BUNDLE_IDENTIFIER = "com.brunocampos.Sports-League";
				PRODUCT_NAME = "$(TARGET_NAME)";
				SWIFT_VERSION = 3.0;
			};
			name = Release;
		};
/* End XCBuildConfiguration section */

/* Begin XCConfigurationList section */
		B149B0921EFDE1D3009773ED /* Build configuration list for PBXProject "Sports League" */ = {
			isa = XCConfigurationList;
			buildConfigurations = (
				B149B0A71EFDE1D4009773ED /* Debug */,
				B149B0A81EFDE1D4009773ED /* Release */,
			);
			defaultConfigurationIsVisible = 0;
			defaultConfigurationName = Release;
		};
		B149B0A91EFDE1D4009773ED /* Build configuration list for PBXNativeTarget "Sports League" */ = {
			isa = XCConfigurationList;
			buildConfigurations = (
				B149B0AA1EFDE1D4009773ED /* Debug */,
				B149B0AB1EFDE1D4009773ED /* Release */,
			);
			defaultConfigurationIsVisible = 0;
			defaultConfigurationName = Release;
		};
/* End XCConfigurationList section */
	};
	rootObject = B149B08F1EFDE1D3009773ED /* Project object */;
}
